
Microsoft Visual Studio Solution File, Format Version 12.00
# Visual Studio 2013
VisualStudioVersion = 12.0.31101.0
MinimumVisualStudioVersion = 10.0.40219.1
Project("{2150E333-8FDC-42A3-9474-1A3956D46DE8}") = ".nuget", ".nuget", "{0B372908-9779-4E73-9D28-F96B72B1CF45}"
	ProjectSection(SolutionItems) = preProject
		.nuget\NuGet.Config = .nuget\NuGet.Config
		.nuget\NuGet.exe = .nuget\NuGet.exe
		.nuget\NuGet.targets = .nuget\NuGet.targets
	EndProjectSection
EndProject
Project("{2150E333-8FDC-42A3-9474-1A3956D46DE8}") = "Solution", "Solution", "{C7535949-9EEE-4711-8351-0CA8EB32DBE6}"
	ProjectSection(SolutionItems) = preProject
		build.txt = build.txt
		license.txt = license.txt
		readme.md = readme.md
	EndProjectSection
EndProject
Project("{FAE04EC0-301F-11D3-BF4B-00C04F79EFBC}") = "Zbu.ModelsBuilder", "Zbu.ModelsBuilder\Zbu.ModelsBuilder.csproj", "{998FB014-303A-4146-B3E4-B927BAB0210F}"
EndProject
Project("{FAE04EC0-301F-11D3-BF4B-00C04F79EFBC}") = "Zbu.ModelsBuilder.Tests", "Zbu.ModelsBuilder.Tests\Zbu.ModelsBuilder.Tests.csproj", "{CF597D44-04EA-4FD7-89C8-E4849D1355C8}"
EndProject
Project("{FAE04EC0-301F-11D3-BF4B-00C04F79EFBC}") = "Zbu.ModelsBuilder.CustomTool", "Zbu.ModelsBuilder.CustomTool\Zbu.ModelsBuilder.CustomTool.csproj", "{0419A43D-78C2-46C9-95A9-2470F224D60F}"
EndProject
Project("{FAE04EC0-301F-11D3-BF4B-00C04F79EFBC}") = "Zbu.ModelsBuilder.AspNet", "Zbu.ModelsBuilder.AspNet\Zbu.ModelsBuilder.AspNet.csproj", "{9670E426-0872-4A87-9DDE-805828546DE9}"
EndProject
Project("{FAE04EC0-301F-11D3-BF4B-00C04F79EFBC}") = "Zbu.ModelsBuilder.Console", "Zbu.ModelsBuilder.Console\Zbu.ModelsBuilder.Console.csproj", "{F0B757DF-0CF7-4AAF-8DD0-F46EDF25C3A3}"
EndProject
Project("{2150E333-8FDC-42A3-9474-1A3956D46DE8}") = ".build", ".build", "{602A8CFF-1CB0-45F3-86D5-9B8494F8A24D}"
	ProjectSection(SolutionItems) = preProject
		.build\MSBuild.Community.Tasks.dll = .build\MSBuild.Community.Tasks.dll
		.build\MSBuild.Community.Tasks.targets = .build\MSBuild.Community.Tasks.targets
	EndProjectSection
EndProject
Global
	GlobalSection(SolutionConfigurationPlatforms) = preSolution
		Debug|Any CPU = Debug|Any CPU
		Debug-U6|Any CPU = Debug-U6|Any CPU
		Release|Any CPU = Release|Any CPU
		Release-U6|Any CPU = Release-U6|Any CPU
	EndGlobalSection
	GlobalSection(ProjectConfigurationPlatforms) = postSolution
		{998FB014-303A-4146-B3E4-B927BAB0210F}.Debug|Any CPU.ActiveCfg = Debug|Any CPU
		{998FB014-303A-4146-B3E4-B927BAB0210F}.Debug|Any CPU.Build.0 = Debug|Any CPU
		{998FB014-303A-4146-B3E4-B927BAB0210F}.Debug-U6|Any CPU.ActiveCfg = Debug-U6|Any CPU
		{998FB014-303A-4146-B3E4-B927BAB0210F}.Debug-U6|Any CPU.Build.0 = Debug-U6|Any CPU
		{998FB014-303A-4146-B3E4-B927BAB0210F}.Release|Any CPU.ActiveCfg = Release|Any CPU
		{998FB014-303A-4146-B3E4-B927BAB0210F}.Release|Any CPU.Build.0 = Release|Any CPU
		{998FB014-303A-4146-B3E4-B927BAB0210F}.Release-U6|Any CPU.ActiveCfg = Release-U6|Any CPU
		{998FB014-303A-4146-B3E4-B927BAB0210F}.Release-U6|Any CPU.Build.0 = Release-U6|Any CPU
		{CF597D44-04EA-4FD7-89C8-E4849D1355C8}.Debug|Any CPU.ActiveCfg = Debug|Any CPU
		{CF597D44-04EA-4FD7-89C8-E4849D1355C8}.Debug|Any CPU.Build.0 = Debug|Any CPU
		{CF597D44-04EA-4FD7-89C8-E4849D1355C8}.Debug-U6|Any CPU.ActiveCfg = Debug-U6|Any CPU
		{CF597D44-04EA-4FD7-89C8-E4849D1355C8}.Debug-U6|Any CPU.Build.0 = Debug-U6|Any CPU
		{CF597D44-04EA-4FD7-89C8-E4849D1355C8}.Release|Any CPU.ActiveCfg = Release|Any CPU
		{CF597D44-04EA-4FD7-89C8-E4849D1355C8}.Release|Any CPU.Build.0 = Release|Any CPU
		{CF597D44-04EA-4FD7-89C8-E4849D1355C8}.Release-U6|Any CPU.ActiveCfg = Release-U6|Any CPU
		{CF597D44-04EA-4FD7-89C8-E4849D1355C8}.Release-U6|Any CPU.Build.0 = Release-U6|Any CPU
		{0419A43D-78C2-46C9-95A9-2470F224D60F}.Debug|Any CPU.ActiveCfg = Debug|Any CPU
		{0419A43D-78C2-46C9-95A9-2470F224D60F}.Debug|Any CPU.Build.0 = Debug|Any CPU
		{0419A43D-78C2-46C9-95A9-2470F224D60F}.Debug-U6|Any CPU.ActiveCfg = Debug-U6|Any CPU
		{0419A43D-78C2-46C9-95A9-2470F224D60F}.Debug-U6|Any CPU.Build.0 = Debug-U6|Any CPU
		{0419A43D-78C2-46C9-95A9-2470F224D60F}.Release|Any CPU.ActiveCfg = Release|Any CPU
		{0419A43D-78C2-46C9-95A9-2470F224D60F}.Release|Any CPU.Build.0 = Release|Any CPU
		{0419A43D-78C2-46C9-95A9-2470F224D60F}.Release-U6|Any CPU.ActiveCfg = Release-U6|Any CPU
		{0419A43D-78C2-46C9-95A9-2470F224D60F}.Release-U6|Any CPU.Build.0 = Release-U6|Any CPU
		{9670E426-0872-4A87-9DDE-805828546DE9}.Debug|Any CPU.ActiveCfg = Debug|Any CPU
		{9670E426-0872-4A87-9DDE-805828546DE9}.Debug|Any CPU.Build.0 = Debug|Any CPU
		{9670E426-0872-4A87-9DDE-805828546DE9}.Debug-U6|Any CPU.ActiveCfg = Debug-U6|Any CPU
		{9670E426-0872-4A87-9DDE-805828546DE9}.Debug-U6|Any CPU.Build.0 = Debug-U6|Any CPU
		{9670E426-0872-4A87-9DDE-805828546DE9}.Release|Any CPU.ActiveCfg = Release|Any CPU
		{9670E426-0872-4A87-9DDE-805828546DE9}.Release|Any CPU.Build.0 = Release|Any CPU
		{9670E426-0872-4A87-9DDE-805828546DE9}.Release-U6|Any CPU.ActiveCfg = Release-U6|Any CPU
		{9670E426-0872-4A87-9DDE-805828546DE9}.Release-U6|Any CPU.Build.0 = Release-U6|Any CPU
		{F0B757DF-0CF7-4AAF-8DD0-F46EDF25C3A3}.Debug|Any CPU.ActiveCfg = Debug|Any CPU
		{F0B757DF-0CF7-4AAF-8DD0-F46EDF25C3A3}.Debug|Any CPU.Build.0 = Debug|Any CPU
		{F0B757DF-0CF7-4AAF-8DD0-F46EDF25C3A3}.Debug-U6|Any CPU.ActiveCfg = Debug-U6|Any CPU
		{F0B757DF-0CF7-4AAF-8DD0-F46EDF25C3A3}.Debug-U6|Any CPU.Build.0 = Debug-U6|Any CPU
		{F0B757DF-0CF7-4AAF-8DD0-F46EDF25C3A3}.Release|Any CPU.ActiveCfg = Release|Any CPU
		{F0B757DF-0CF7-4AAF-8DD0-F46EDF25C3A3}.Release|Any CPU.Build.0 = Release|Any CPU
		{F0B757DF-0CF7-4AAF-8DD0-F46EDF25C3A3}.Release-U6|Any CPU.ActiveCfg = Release-U6|Any CPU
		{F0B757DF-0CF7-4AAF-8DD0-F46EDF25C3A3}.Release-U6|Any CPU.Build.0 = Release-U6|Any CPU
	EndGlobalSection
	GlobalSection(SolutionProperties) = preSolution
		HideSolutionNode = FALSE
	EndGlobalSection
EndGlobal
